// !$*UTF8*$!
{
	archiveVersion = 1;
	classes = {
	};
	objectVersion = 46;
	objects = {

/* Begin PBXBuildFile section */
		3D40B6711F70C4AB00A5C125 /* main.cpp in Sources */ = {isa = PBXBuildFile; fileRef = 3D40B6701F70C4AB00A5C125 /* main.cpp */; };
		3D97BC3B1F6BB32D00A94B90 /* main.cpp in Sources */ = {isa = PBXBuildFile; fileRef = 3D97BC3A1F6BB32D00A94B90 /* main.cpp */; };
		3D97BC481F6BB33F00A94B90 /* main.cpp in Sources */ = {isa = PBXBuildFile; fileRef = 3D97BC471F6BB33F00A94B90 /* main.cpp */; };
/* End PBXBuildFile section */

/* Begin PBXCopyFilesBuildPhase section */
		3D40B66C1F70C4AB00A5C125 /* CopyFiles */ = {
			isa = PBXCopyFilesBuildPhase;
			buildActionMask = 2147483647;
			dstPath = /usr/share/man/man1/;
			dstSubfolderSpec = 0;
			files = (
			);
			runOnlyForDeploymentPostprocessing = 1;
		};
		3D97BC351F6BB32D00A94B90 /* CopyFiles */ = {
			isa = PBXCopyFilesBuildPhase;
			buildActionMask = 2147483647;
			dstPath = /usr/share/man/man1/;
			dstSubfolderSpec = 0;
			files = (
			);
			runOnlyForDeploymentPostprocessing = 1;
		};
		3D97BC431F6BB33F00A94B90 /* CopyFiles */ = {
			isa = PBXCopyFilesBuildPhase;
			buildActionMask = 2147483647;
			dstPath = /usr/share/man/man1/;
			dstSubfolderSpec = 0;
			files = (
			);
			runOnlyForDeploymentPostprocessing = 1;
		};
/* End PBXCopyFilesBuildPhase section */

/* Begin PBXFileReference section */
		3D40B66E1F70C4AB00A5C125 /* 第二章 向量 */ = {isa = PBXFileReference; explicitFileType = "compiled.mach-o.executable"; includeInIndex = 0; path = "第二章 向量"; sourceTree = BUILT_PRODUCTS_DIR; };
		3D40B6701F70C4AB00A5C125 /* main.cpp */ = {isa = PBXFileReference; lastKnownFileType = sourcecode.cpp.cpp; path = main.cpp; sourceTree = "<group>"; };
		3D97BC371F6BB32D00A94B90 /* 数据结构与算法 */ = {isa = PBXFileReference; explicitFileType = "compiled.mach-o.executable"; includeInIndex = 0; path = "数据结构与算法"; sourceTree = BUILT_PRODUCTS_DIR; };
		3D97BC3A1F6BB32D00A94B90 /* main.cpp */ = {isa = PBXFileReference; lastKnownFileType = sourcecode.cpp.cpp; path = main.cpp; sourceTree = "<group>"; };
		3D97BC451F6BB33F00A94B90 /* 第一章 绪论 */ = {isa = PBXFileReference; explicitFileType = "compiled.mach-o.executable"; includeInIndex = 0; path = "第一章 绪论"; sourceTree = BUILT_PRODUCTS_DIR; };
		3D97BC471F6BB33F00A94B90 /* main.cpp */ = {isa = PBXFileReference; lastKnownFileType = sourcecode.cpp.cpp; path = main.cpp; sourceTree = "<group>"; };
/* End PBXFileReference section */

/* Begin PBXFrameworksBuildPhase section */
		3D40B66B1F70C4AB00A5C125 /* Frameworks */ = {
			isa = PBXFrameworksBuildPhase;
			buildActionMask = 2147483647;
			files = (
			);
			runOnlyForDeploymentPostprocessing = 0;
		};
		3D97BC341F6BB32D00A94B90 /* Frameworks */ = {
			isa = PBXFrameworksBuildPhase;
			buildActionMask = 2147483647;
			files = (
			);
			runOnlyForDeploymentPostprocessing = 0;
		};
		3D97BC421F6BB33F00A94B90 /* Frameworks */ = {
			isa = PBXFrameworksBuildPhase;
			buildActionMask = 2147483647;
			files = (
			);
			runOnlyForDeploymentPostprocessing = 0;
		};
/* End PBXFrameworksBuildPhase section */

/* Begin PBXGroup section */
		3D40B66F1F70C4AB00A5C125 /* 第二章 向量 */ = {
			isa = PBXGroup;
			children = (
				3D40B6701F70C4AB00A5C125 /* main.cpp */,
			);
			path = "第二章 向量";
			sourceTree = "<group>";
		};
		3D97BC2E1F6BB32D00A94B90 = {
			isa = PBXGroup;
			children = (
				3D97BC391F6BB32D00A94B90 /* 数据结构与算法 */,
				3D97BC461F6BB33F00A94B90 /* 第一章 绪论 */,
				3D40B66F1F70C4AB00A5C125 /* 第二章 向量 */,
				3D97BC381F6BB32D00A94B90 /* Products */,
			);
			sourceTree = "<group>";
		};
		3D97BC381F6BB32D00A94B90 /* Products */ = {
			isa = PBXGroup;
			children = (
				3D97BC371F6BB32D00A94B90 /* 数据结构与算法 */,
				3D97BC451F6BB33F00A94B90 /* 第一章 绪论 */,
				3D40B66E1F70C4AB00A5C125 /* 第二章 向量 */,
			);
			name = Products;
			sourceTree = "<group>";
		};
		3D97BC391F6BB32D00A94B90 /* 数据结构与算法 */ = {
			isa = PBXGroup;
			children = (
				3D97BC3A1F6BB32D00A94B90 /* main.cpp */,
			);
			path = "数据结构与算法";
			sourceTree = "<group>";
		};
		3D97BC461F6BB33F00A94B90 /* 第一章 绪论 */ = {
			isa = PBXGroup;
			children = (
				3D97BC471F6BB33F00A94B90 /* main.cpp */,
			);
			path = "第一章 绪论";
			sourceTree = "<group>";
		};
/* End PBXGroup section */

/* Begin PBXNativeTarget section */
		3D40B66D1F70C4AB00A5C125 /* 第二章 向量 */ = {
			isa = PBXNativeTarget;
			buildConfigurationList = 3D40B6741F70C4AB00A5C125 /* Build configuration list for PBXNativeTarget "第二章 向量" */;
			buildPhases = (
				3D40B66A1F70C4AB00A5C125 /* Sources */,
				3D40B66B1F70C4AB00A5C125 /* Frameworks */,
				3D40B66C1F70C4AB00A5C125 /* CopyFiles */,
			);
			buildRules = (
			);
			dependencies = (
			);
			name = "第二章 向量";
			productName = "第二章 向量";
			productReference = 3D40B66E1F70C4AB00A5C125 /* 第二章 向量 */;
			productType = "com.apple.product-type.tool";
		};
		3D97BC361F6BB32D00A94B90 /* 数据结构与算法 */ = {
			isa = PBXNativeTarget;
			buildConfigurationList = 3D97BC3E1F6BB32D00A94B90 /* Build configuration list for PBXNativeTarget "数据结构与算法" */;
			buildPhases = (
				3D97BC331F6BB32D00A94B90 /* Sources */,
				3D97BC341F6BB32D00A94B90 /* Frameworks */,
				3D97BC351F6BB32D00A94B90 /* CopyFiles */,
			);
			buildRules = (
			);
			dependencies = (
			);
			name = "数据结构与算法";
			productName = "数据结构与算法";
			productReference = 3D97BC371F6BB32D00A94B90 /* 数据结构与算法 */;
			productType = "com.apple.product-type.tool";
		};
		3D97BC441F6BB33F00A94B90 /* 第一章 绪论 */ = {
			isa = PBXNativeTarget;
			buildConfigurationList = 3D97BC491F6BB33F00A94B90 /* Build configuration list for PBXNativeTarget "第一章 绪论" */;
			buildPhases = (
				3D97BC411F6BB33F00A94B90 /* Sources */,
				3D97BC421F6BB33F00A94B90 /* Frameworks */,
				3D97BC431F6BB33F00A94B90 /* CopyFiles */,
			);
			buildRules = (
			);
			dependencies = (
			);
			name = "第一章 绪论";
			productName = "第一章 绪论";
			productReference = 3D97BC451F6BB33F00A94B90 /* 第一章 绪论 */;
			productType = "com.apple.product-type.tool";
		};
/* End PBXNativeTarget section */

/* Begin PBXProject section */
		3D97BC2F1F6BB32D00A94B90 /* Project object */ = {
			isa = PBXProject;
			attributes = {
				LastUpgradeCheck = 0830;
				ORGANIZATIONNAME = "万伟琦";
				TargetAttributes = {
					3D40B66D1F70C4AB00A5C125 = {
						CreatedOnToolsVersion = 8.3.3;
						ProvisioningStyle = Automatic;
					};
					3D97BC361F6BB32D00A94B90 = {
						CreatedOnToolsVersion = 8.3.3;
						ProvisioningStyle = Automatic;
					};
					3D97BC441F6BB33F00A94B90 = {
						CreatedOnToolsVersion = 8.3.3;
						ProvisioningStyle = Automatic;
					};
				};
			};
			buildConfigurationList = 3D97BC321F6BB32D00A94B90 /* Build configuration list for PBXProject "数据结构与算法" */;
			compatibilityVersion = "Xcode 3.2";
			developmentRegion = English;
			hasScannedForEncodings = 0;
			knownRegions = (
				en,
			);
			mainGroup = 3D97BC2E1F6BB32D00A94B90;
			productRefGroup = 3D97BC381F6BB32D00A94B90 /* Products */;
			projectDirPath = "";
			projectRoot = "";
			targets = (
				3D97BC361F6BB32D00A94B90 /* 数据结构与算法 */,
				3D97BC441F6BB33F00A94B90 /* 第一章 绪论 */,
				3D40B66D1F70C4AB00A5C125 /* 第二章 向量 */,
			);
		};
/* End PBXProject section */

/* Begin PBXSourcesBuildPhase section */
		3D40B66A1F70C4AB00A5C125 /* Sources */ = {
			isa = PBXSourcesBuildPhase;
			buildActionMask = 2147483647;
			files = (
				3D40B6711F70C4AB00A5C125 /* main.cpp in Sources */,
			);
			runOnlyForDeploymentPostprocessing = 0;
		};
		3D97BC331F6BB32D00A94B90 /* Sources */ = {
			isa = PBXSourcesBuildPhase;
			buildActionMask = 2147483647;
			files = (
				3D97BC3B1F6BB32D00A94B90 /* main.cpp in Sources */,
			);
			runOnlyForDeploymentPostprocessing = 0;
		};
		3D97BC411F6BB33F00A94B90 /* Sources */ = {
			isa = PBXSourcesBuildPhase;
			buildActionMask = 2147483647;
			files = (
				3D97BC481F6BB33F00A94B90 /* main.cpp in Sources */,
			);
			runOnlyForDeploymentPostprocessing = 0;
		};
/* End PBXSourcesBuildPhase section */

/* Begin XCBuildConfiguration section */
		3D40B6721F70C4AB00A5C125 /* Debug */ = {
			isa = XCBuildConfiguration;
			buildSettings = {
				PRODUCT_NAME = "$(TARGET_NAME)";
			};
			name = Debug;
		};
		3D40B6731F70C4AB00A5C125 /* Release */ = {
			isa = XCBuildConfiguration;
			buildSettings = {
				PRODUCT_NAME = "$(TARGET_NAME)";
			};
			name = Release;
		};
		3D97BC3C1F6BB32D00A94B90 /* Debug */ = {
			isa = XCBuildConfiguration;
			buildSettings = {
				ALWAYS_SEARCH_USER_PATHS = NO;
				CLANG_ANALYZER_NONNULL = YES;
				CLANG_ANALYZER_NUMBER_OBJECT_CONVERSION = YES_AGGRESSIVE;
				CLANG_CXX_LANGUAGE_STANDARD = "gnu++0x";
				CLANG_CXX_LIBRARY = "libc++";
				CLANG_ENABLE_MODULES = YES;
				CLANG_ENABLE_OBJC_ARC = YES;
				CLANG_WARN_BOOL_CONVERSION = YES;
				CLANG_WARN_CONSTANT_CONVERSION = YES;
				CLANG_WARN_DIRECT_OBJC_ISA_USAGE = YES_ERROR;
				CLANG_WARN_DOCUMENTATION_COMMENTS = YES;
				CLANG_WARN_EMPTY_BODY = YES;
				CLANG_WARN_ENUM_CONVERSION = YES;
				CLANG_WARN_INFINITE_RECURSION = YES;
				CLANG_WARN_INT_CONVERSION = YES;
				CLANG_WARN_OBJC_ROOT_CLASS = YES_ERROR;
				CLANG_WARN_SUSPICIOUS_MOVE = YES;
				CLANG_WARN_UNREACHABLE_CODE = YES;
				CLANG_WARN__DUPLICATE_METHOD_MATCH = YES;
				CODE_SIGN_IDENTITY = "-";
				COPY_PHASE_STRIP = NO;
				DEBUG_INFORMATION_FORMAT = dwarf;
				ENABLE_STRICT_OBJC_MSGSEND = YES;
				ENABLE_TESTABILITY = YES;
				GCC_C_LANGUAGE_STANDARD = gnu99;
				GCC_DYNAMIC_NO_PIC = NO;
				GCC_NO_COMMON_BLOCKS = YES;
				GCC_OPTIMIZATION_LEVEL = 0;
				GCC_PREPROCESSOR_DEFINITIONS = (
					"DEBUG=1",
					"$(inherited)",
				);
				GCC_WARN_64_TO_32_BIT_CONVERSION = YES;
				GCC_WARN_ABOUT_RETURN_TYPE = YES_ERROR;
				GCC_WARN_UNDECLARED_SELECTOR = YES;
				GCC_WARN_UNINITIALIZED_AUTOS = YES_AGGRESSIVE;
				GCC_WARN_UNUSED_FUNCTION = YES;
				GCC_WARN_UNUSED_VARIABLE = YES;
				MACOSX_DEPLOYMENT_TARGET = 10.12;
				MTL_ENABLE_DEBUG_INFO = YES;
				ONLY_ACTIVE_ARCH = YES;
				SDKROOT = macosx;
			};
			name = Debug;
		};
		3D97BC3D1F6BB32D00A94B90 /* Release */ = {
			isa = XCBuildConfiguration;
			buildSettings = {
				ALWAYS_SEARCH_USER_PATHS = NO;
				CLANG_ANALYZER_NONNULL = YES;
				CLANG_ANALYZER_NUMBER_OBJECT_CONVERSION = YES_AGGRESSIVE;
				CLANG_CXX_LANGUAGE_STANDARD = "gnu++0x";
				CLANG_CXX_LIBRARY = "libc++";
				CLANG_ENABLE_MODULES = YES;
				CLANG_ENABLE_OBJC_ARC = YES;
				CLANG_WARN_BOOL_CONVERSION = YES;
				CLANG_WARN_CONSTANT_CONVERSION = YES;
				CLANG_WARN_DIRECT_OBJC_ISA_USAGE = YES_ERROR;
				CLANG_WARN_DOCUMENTATION_COMMENTS = YES;
				CLANG_WARN_EMPTY_BODY = YES;
				CLANG_WARN_ENUM_CONVERSION = YES;
				CLANG_WARN_INFINITE_RECURSION = YES;
				CLANG_WARN_INT_CONVERSION = YES;
				CLANG_WARN_OBJC_ROOT_CLASS = YES_ERROR;
				CLANG_WARN_SUSPICIOUS_MOVE = YES;
				CLANG_WARN_UNREACHABLE_CODE = YES;
				CLANG_WARN__DUPLICATE_METHOD_MATCH = YES;
				CODE_SIGN_IDENTITY = "-";
				COPY_PHASE_STRIP = NO;
				DEBUG_INFORMATION_FORMAT = "dwarf-with-dsym";
				ENABLE_NS_ASSERTIONS = NO;
				ENABLE_STRICT_OBJC_MSGSEND = YES;
				GCC_C_LANGUAGE_STANDARD = gnu99;
				GCC_NO_COMMON_BLOCKS = YES;
				GCC_WARN_64_TO_32_BIT_CONVERSION = YES;
				GCC_WARN_ABOUT_RETURN_TYPE = YES_ERROR;
				GCC_WARN_UNDECLARED_SELECTOR = YES;
				GCC_WARN_UNINITIALIZED_AUTOS = YES_AGGRESSIVE;
				GCC_WARN_UNUSED_FUNCTION = YES;
				GCC_WARN_UNUSED_VARIABLE = YES;
				MACOSX_DEPLOYMENT_TARGET = 10.12;
				MTL_ENABLE_DEBUG_INFO = NO;
				SDKROOT = macosx;
			};
			name = Release;
		};
		3D97BC3F1F6BB32D00A94B90 /* Debug */ = {
			isa = XCBuildConfiguration;
			buildSettings = {
				PRODUCT_NAME = "$(TARGET_NAME)";
			};
			name = Debug;
		};
		3D97BC401F6BB32D00A94B90 /* Release */ = {
			isa = XCBuildConfiguration;
			buildSettings = {
				PRODUCT_NAME = "$(TARGET_NAME)";
			};
			name = Release;
		};
		3D97BC4A1F6BB33F00A94B90 /* Debug */ = {
			isa = XCBuildConfiguration;
			buildSettings = {
				PRODUCT_NAME = "$(TARGET_NAME)";
			};
			name = Debug;
		};
		3D97BC4B1F6BB33F00A94B90 /* Release */ = {
			isa = XCBuildConfiguration;
			buildSettings = {
				PRODUCT_NAME = "$(TARGET_NAME)";
			};
			name = Release;
		};
/* End XCBuildConfiguration section */

/* Begin XCConfigurationList section */
		3D40B6741F70C4AB00A5C125 /* Build configuration list for PBXNativeTarget "第二章 向量" */ = {
			isa = XCConfigurationList;
			buildConfigurations = (
				3D40B6721F70C4AB00A5C125 /* Debug */,
				3D40B6731F70C4AB00A5C125 /* Release */,
			);
			defaultConfigurationIsVisible = 0;
		};
		3D97BC321F6BB32D00A94B90 /* Build configuration list for PBXProject "数据结构与算法" */ = {
			isa = XCConfigurationList;
			buildConfigurations = (
				3D97BC3C1F6BB32D00A94B90 /* Debug */,
				3D97BC3D1F6BB32D00A94B90 /* Release */,
			);
			defaultConfigurationIsVisible = 0;
			defaultConfigurationName = Release;
		};
		3D97BC3E1F6BB32D00A94B90 /* Build configuration list for PBXNativeTarget "数据结构与算法" */ = {
			isa = XCConfigurationList;
			buildConfigurations = (
				3D97BC3F1F6BB32D00A94B90 /* Debug */,
				3D97BC401F6BB32D00A94B90 /* Release */,
			);
			defaultConfigurationIsVisible = 0;
			defaultConfigurationName = Release;
		};
		3D97BC491F6BB33F00A94B90 /* Build configuration list for PBXNativeTarget "第一章 绪论" */ = {
			isa = XCConfigurationList;
			buildConfigurations = (
				3D97BC4A1F6BB33F00A94B90 /* Debug */,
				3D97BC4B1F6BB33F00A94B90 /* Release */,
			);
			defaultConfigurationIsVisible = 0;
			defaultConfigurationName = Release;
		};
/* End XCConfigurationList section */
	};
	rootObject = 3D97BC2F1F6BB32D00A94B90 /* Project object */;
}
